
Microsoft Visual Studio Solution File, Format Version 12.00
# Visual Studio Version 17
VisualStudioVersion = 17.0.31903.59
MinimumVisualStudioVersion = 10.0.40219.1
Project("{2150E333-8FDC-42A3-9474-1A3956D46DE8}") = "src", "src", "{B1EA7659-2F84-4F68-ADD3-2E69E9C2AE41}"
EndProject
Project("{FAE04EC0-301F-11D3-BF4B-00C04F79EFBC}") = "XNote.App", "src\XNote.App\XNote.App.csproj", "{33DFCC69-5E7F-4742-BA2C-5A6AE971CD61}"
EndProject
Global
	GlobalSection(SolutionConfigurationPlatforms) = preSolution
		Debug|Any CPU = Debug|Any CPU
		Release|Any CPU = Release|Any CPU
	EndGlobalSection
	GlobalSection(SolutionProperties) = preSolution
		HideSolutionNode = FALSE
	EndGlobalSection
	GlobalSection(ProjectConfigurationPlatforms) = postSolution
		{33DFCC69-5E7F-4742-BA2C-5A6AE971CD61}.Debug|Any CPU.ActiveCfg = Debug|Any CPU
		{33DFCC69-5E7F-4742-BA2C-5A6AE971CD61}.Debug|Any CPU.Build.0 = Debug|Any CPU
		{33DFCC69-5E7F-4742-BA2C-5A6AE971CD61}.Release|Any CPU.ActiveCfg = Release|Any CPU
		{33DFCC69-5E7F-4742-BA2C-5A6AE971CD61}.Release|Any CPU.Build.0 = Release|Any CPU
	EndGlobalSection
	GlobalSection(NestedProjects) = preSolution
		{33DFCC69-5E7F-4742-BA2C-5A6AE971CD61} = {B1EA7659-2F84-4F68-ADD3-2E69E9C2AE41}
	EndGlobalSection
EndGlobal
